
Microsoft Visual Studio Solution File, Format Version 12.00
# Visual Studio Version 17
VisualStudioVersion = 17.14.35821.62 d17.14
MinimumVisualStudioVersion = 10.0.40219.1
Project("{FAE04EC0-301F-11D3-BF4B-00C04F79EFBC}") = "BlogManagement", "BlogManagement.csproj", "{532A681D-EDF8-4363-883B-09825DDA574C}"
EndProject
Global
	GlobalSection(SolutionConfigurationPlatforms) = preSolution
		Debug|Any CPU = Debug|Any CPU
		Release|Any CPU = Release|Any CPU
	EndGlobalSection
	GlobalSection(ProjectConfigurationPlatforms) = postSolution
		{532A681D-EDF8-4363-883B-09825DDA574C}.Debug|Any CPU.ActiveCfg = Debug|Any CPU
		{532A681D-EDF8-4363-883B-09825DDA574C}.Debug|Any CPU.Build.0 = Debug|Any CPU
		{532A681D-EDF8-4363-883B-09825DDA574C}.Release|Any CPU.ActiveCfg = Release|Any CPU
		{532A681D-EDF8-4363-883B-09825DDA574C}.Release|Any CPU.Build.0 = Release|Any CPU
	EndGlobalSection
	GlobalSection(SolutionProperties) = preSolution
		HideSolutionNode = FALSE
	EndGlobalSection
	GlobalSection(ExtensibilityGlobals) = postSolution
		SolutionGuid = {58AF7342-0E91-47EC-91DC-EBF80D96C107}
	EndGlobalSection
EndGlobal
